<?xml version="1.0" encoding="UTF-8" standalone="yes" ?>
<CodeBlocks_project_file>
	<FileVersion major="1" minor="6" />
	<Project>
		<Option title="t" />
		<Option execution_dir="." />
		<Option pch_mode="2" />
		<Option compiler="gcc" />
		<Build>
			<Target title="Debug">
				<Option output="bin/Debug/t" prefix_auto="1" extension_auto="1" />
				<Option object_output="obj/Debug/" />
				<Option type="1" />
				<Option compiler="gcc" />
				<Option parameters="5555 " />
				<Compiler>
					<Add option="-std=gnu++11" />
					<Add option="-std=c++11" />
					<Add option="-g" />
					<Add directory="Modelo" />
					<Add directory="Thread" />
					<Add directory="ModeloServidor" />
				</Compiler>
				<Linker>
					<Add option="-lpthread" />
					<Add option="-lSDL2 -lSDL2_image" />
					<Add option="-lSDL2_ttf" />
					<Add option="-ljsoncpp" />
				</Linker>
			</Target>
			<Target title="Release">
				<Option output="bin/Release/t" prefix_auto="1" extension_auto="1" />
				<Option object_output="obj/Release/" />
				<Option type="1" />
				<Option compiler="gcc" />
				<Compiler>
					<Add option="-O2" />
					<Add directory="Modelo" />
					<Add directory="Thread" />
					<Add directory="ModeloServidor" />
				</Compiler>
				<Linker>
					<Add option="-s" />
				</Linker>
			</Target>
		</Build>
		<Compiler>
			<Add option="-Wall" />
			<Add option="-std=gnu++11" />
			<Add option="-std=c++11" />
		</Compiler>
		<Linker>
			<Add option="-lpthread" />
			<Add option="-lSDL2 -lSDL2_image" />
			<Add option="-lSDL2_ttf" />
			<Add option="-ljsoncpp" />
		</Linker>
		<Unit filename="../Controlador/Controlador.cpp" />
		<Unit filename="../Convenciones.md" />
		<Unit filename="../Modelo/Barril.cpp" />
		<Unit filename="../Modelo/Barril.h" />
		<Unit filename="../Modelo/BloqueGenerico.h" />
		<Unit filename="../Modelo/Colisionador.cpp" />
		<Unit filename="../Modelo/Colisionador.h" />
		<Unit filename="../Modelo/FactoryPersonaje.cpp" />
		<Unit filename="../Modelo/FactoryPersonaje.h" />
		<Unit filename="../Modelo/Fondo.cpp" />
		<Unit filename="../Modelo/Fondo.h" />
		<Unit filename="../Modelo/FondoDos.cpp" />
		<Unit filename="../Modelo/FondoDos.h" />
		<Unit filename="../Modelo/FuegoPiso.cpp" />
		<Unit filename="../Modelo/FuegoPiso.h" />
		<Unit filename="../Modelo/Fueguito.cpp" />
		<Unit filename="../Modelo/Fueguito.h" />
		<Unit filename="../Modelo/FueguitoDefault.cpp" />
		<Unit filename="../Modelo/FueguitoDefault.h" />
		<Unit filename="../Modelo/LTexture.cpp" />
		<Unit filename="../Modelo/LTexture.h" />
		<Unit filename="../Modelo/Mario.cpp" />
		<Unit filename="../Modelo/Mario.h" />
		<Unit filename="../Modelo/Modelo.cpp" />
		<Unit filename="../Modelo/Modelo.h" />
		<Unit filename="../Modelo/ModeloPlataformaDerecha.cpp" />
		<Unit filename="../Modelo/ModeloPlataformaDerecha.h" />
		<Unit filename="../Modelo/Modelo_Jugador.cpp" />
		<Unit filename="../Modelo/Modelo_Jugador.h" />
		<Unit filename="../Modelo/Modelo_Plataforma.cpp" />
		<Unit filename="../Modelo/Modelo_Plataforma.h" />
		<Unit filename="../Modelo/Mono.cpp" />
		<Unit filename="../Modelo/Mono.h" />
		<Unit filename="../Modelo/Rectangulo.cpp" />
		<Unit filename="../Modelo/Rectangulo.h" />
		<Unit filename="../Modelo/foo.png" />
		<Unit filename="../View/FactoryVistaPersonaje.cpp" />
		<Unit filename="../View/FactoryVistaPersonaje.h" />
		<Unit filename="../View/Vista.cpp" />
		<Unit filename="../View/Vista.h" />
		<Unit filename="../View/VistaBarril.cpp" />
		<Unit filename="../View/VistaBarril.h" />
		<Unit filename="../View/VistaFondo.cpp" />
		<Unit filename="../View/VistaFondo.h" />
		<Unit filename="../View/VistaFondoDos.cpp" />
		<Unit filename="../View/VistaFondoDos.h" />
		<Unit filename="../View/VistaFuegoPiso.cpp" />
		<Unit filename="../View/VistaFuegoPiso.h" />
		<Unit filename="../View/VistaFueguito.cpp" />
		<Unit filename="../View/VistaFueguito.h" />
		<Unit filename="../View/VistaFueguitoDefault.cpp" />
		<Unit filename="../View/VistaFueguitoDefault.h" />
		<Unit filename="../View/VistaMario.cpp" />
		<Unit filename="../View/VistaMario.h" />
		<Unit filename="../View/VistaMono.cpp" />
		<Unit filename="../View/VistaMono.h" />
		<Unit filename="../View/VistaPlataformaDerecha.cpp" />
		<Unit filename="../View/VistaPlataformaDerecha.h" />
		<Unit filename="../View/Vista_Jugador.cpp" />
		<Unit filename="../View/Vista_Jugador.h" />
		<Unit filename="../View/Vista_Plataforma.cpp" />
		<Unit filename="../View/Vista_Plataforma.h" />
		<Unit filename="../View/foo.png" />
		<Unit filename="../barriles.png" />
		<Unit filename="../default.json" />
		<Unit filename="../default_mario.png" />
		<Unit filename="../dksprites-default.png" />
		<Unit filename="../dksprites.png" />
		<Unit filename="../dksprites4.png" />
		<Unit filename="../example.json" />
		<Unit filename="../fondo.png" />
		<Unit filename="../fondo1_default.png" />
		<Unit filename="../fondo2.png" />
		<Unit filename="../fondo2_default.png" />
		<Unit filename="../fuegoPiso.png" />
		<Unit filename="../include/Controlador.h" />
		<Unit filename="../include/FactoryPersonajes.h" />
		<Unit filename="../include/ModeloPlataformaDerecha.h" />
		<Unit filename="../lib/Logger.cpp" />
		<Unit filename="../lib/Logger.h" />
		<Unit filename="../lib/Parser.cpp" />
		<Unit filename="../lib/Parser.h" />
		<Unit filename="../lib/json/json-forwards.h" />
		<Unit filename="../lib/json/json.h" />
		<Unit filename="../lib/jsoncpp.cpp" />
		<Unit filename="../log/test.txt" />
		<Unit filename="../mario_sprites.png" />
		<Unit filename="../mario_sprites2.png" />
		<Unit filename="../mono.png" />
		<Unit filename="../plataforma.png" />
		<Unit filename="../posiciones_mario_en_png" />
		<Unit filename="../total.png" />
		<Unit filename="ModeloServidor/Conexion.cpp" />
		<Unit filename="ModeloServidor/Conexion.h" />
		<Unit filename="ModeloServidor/ModeloServidor.cpp" />
		<Unit filename="ModeloServidor/ModeloServidor.h" />
		<Unit filename="ModeloServidor/main.cpp" />
		<Unit filename="SocketServidor/SocketServidor.cpp" />
		<Unit filename="SocketServidor/SocketServidor.h" />
		<Unit filename="Thread/Thread.cpp" />
		<Unit filename="Thread/Thread.h" />
		<Extensions />
	</Project>
</CodeBlocks_project_file>
